<?xml version="1.0" encoding="utf-8"?>
<Project ToolsVersion="4.0" xmlns="http://schemas.microsoft.com/developer/msbuild/2003">
  <ItemGroup>
    <Filter Include="來源檔案">
      <UniqueIdentifier>{4FC737F1-C7A5-4376-A066-2A32D752A2FF}</UniqueIdentifier>
      <Extensions>cpp;c;cc;cxx;def;odl;idl;hpj;bat;asm;asmx</Extensions>
    </Filter>
    <Filter Include="標頭檔">
      <UniqueIdentifier>{93995380-89BD-4b04-88EB-625FBE52EBFB}</UniqueIdentifier>
      <Extensions>h;hh;hpp;hxx;hm;inl;inc;ipp;xsd</Extensions>
    </Filter>
    <Filter Include="資源檔">
      <UniqueIdentifier>{67DA6AB6-F800-4c08-8B7A-83BB121AAD01}</UniqueIdentifier>
      <Extensions>rc;ico;cur;bmp;dlg;rc2;rct;bin;rgs;gif;jpg;jpeg;jpe;resx;tiff;tif;png;wav;mfcribbon-ms</Extensions>
    </Filter>
    <Filter Include="來源檔案\Objects">
      <UniqueIdentifier>{273f70d5-9b4f-4a4a-a4e8-f494f4ce1bed}</UniqueIdentifier>
    </Filter>
    <Filter Include="標頭檔\Objects">
      <UniqueIdentifier>{816b0a92-9571-440f-8f4c-f9ddaf0bc670}</UniqueIdentifier>
    </Filter>
  </ItemGroup>
  <ItemGroup>
    <ClCompile Include="Main.cpp">
      <Filter>來源檔案</Filter>
    </ClCompile>
    <ClCompile Include="Utility.cpp">
      <Filter>來源檔案</Filter>
    </ClCompile>
    <ClCompile Include="GameMap.cpp">
      <Filter>來源檔案</Filter>
    </ClCompile>
    <ClCompile Include="Player.cpp">
      <Filter>來源檔案</Filter>
    </ClCompile>
    <ClCompile Include="Estate.cpp">
      <Filter>來源檔案\Objects</Filter>
    </ClCompile>
    <ClCompile Include="Location.cpp">
      <Filter>來源檔案\Objects</Filter>
    </ClCompile>
    <ClCompile Include="Chance.cpp">
      <Filter>來源檔案\Objects</Filter>
    </ClCompile>
    <ClCompile Include="Destiny.cpp">
      <Filter>來源檔案\Objects</Filter>
    </ClCompile>
    <ClCompile Include="InfoPanel.cpp">
      <Filter>來源檔案</Filter>
    </ClCompile>
    <ClCompile Include="OperatingPlayers.cpp">
      <Filter>來源檔案</Filter>
    </ClCompile>
    <ClCompile Include="Stack.cpp">
      <Filter>來源檔案</Filter>
    </ClCompile>
    <ClCompile Include="Bank.cpp">
      <Filter>來源檔案</Filter>
    </ClCompile>
    <ClCompile Include="Menu.cpp">
      <Filter>來源檔案</Filter>
    </ClCompile>
    <ClCompile Include="mainScreen.cpp">
      <Filter>來源檔案</Filter>
    </ClCompile>
  </ItemGroup>
  <ItemGroup>
    <Text Include="Basemap.txt">
      <Filter>資源檔</Filter>
    </Text>
    <Text Include="test.txt">
      <Filter>資源檔</Filter>
    </Text>
  </ItemGroup>
  <ItemGroup>
    <ClInclude Include="Utility.h">
      <Filter>標頭檔</Filter>
    </ClInclude>
    <ClInclude Include="GameMap.h">
      <Filter>標頭檔</Filter>
    </ClInclude>
    <ClInclude Include="Player.h">
      <Filter>標頭檔</Filter>
    </ClInclude>
    <ClInclude Include="Chance.h">
      <Filter>標頭檔\Objects</Filter>
    </ClInclude>
    <ClInclude Include="Destiny.h">
      <Filter>標頭檔\Objects</Filter>
    </ClInclude>
    <ClInclude Include="Estate.h">
      <Filter>標頭檔\Objects</Filter>
    </ClInclude>
    <ClInclude Include="Location.h">
      <Filter>標頭檔\Objects</Filter>
    </ClInclude>
    <ClInclude Include="InfoPanel.h">
      <Filter>標頭檔</Filter>
    </ClInclude>
    <ClInclude Include="OperatingPlayers.h">
      <Filter>標頭檔</Filter>
    </ClInclude>
    <ClInclude Include="Stack.h">
      <Filter>標頭檔</Filter>
    </ClInclude>
    <ClInclude Include="Bank.h">
      <Filter>標頭檔</Filter>
    </ClInclude>
    <ClInclude Include="Menu.h">
      <Filter>標頭檔</Filter>
    </ClInclude>
    <ClInclude Include="mainScreen.h">
      <Filter>標頭檔</Filter>
    </ClInclude>
  </ItemGroup>
</Project>